# THIS IS AN AUTOGENERATED FILE. DO NOT EDIT THIS FILE DIRECTLY.
# yarn lockfile v1
# bun ./bun.lockb --hash: 959AFBE0E55C8EF9-cdca95cfc52b99b9-E6356092337EC4DF-0e2d99c358adb39d


bun-types@latest:
  version "1.0.11"
  resolved "https://registry.npmjs.org/bun-types/-/bun-types-1.0.11.tgz"
  integrity sha512-XaDwjnBlkdTOtBEAcXhDnPSKFMlwFK/526z0iyairYIDhZJMzZM1QU4D7XRiEI2SpKQWexn0S/LN9Mwx5xSJNg==

typescript@^5.0.0:
  version "5.2.2"
  resolved "https://registry.npmjs.org/typescript/-/typescript-5.2.2.tgz"
  integrity sha512-mI4WrpHsbCIcwT9cF4FZvr80QUeKvsUsUvKDoR+X/7XHQH98xYD8YHZg7ANtz2GtZt/CBq2QJ0thkGJMHfqc1w==
